
Microsoft Visual Studio Solution File, Format Version 12.00
# Visual Studio Version 17
VisualStudioVersion = 17.8.34330.188
MinimumVisualStudioVersion = 10.0.40219.1
Project("{FAE04EC0-301F-11D3-BF4B-00C04F79EFBC}") = "excel reader", "excel reader.csproj", "{DF330C56-074A-4737-B0FD-F9C2DD06BAC3}"
EndProject
Global
	GlobalSection(SolutionConfigurationPlatforms) = preSolution
		Debug|Any CPU = Debug|Any CPU
		Release|Any CPU = Release|Any CPU
	EndGlobalSection
	GlobalSection(ProjectConfigurationPlatforms) = postSolution
		{DF330C56-074A-4737-B0FD-F9C2DD06BAC3}.Debug|Any CPU.ActiveCfg = Debug|Any CPU
		{DF330C56-074A-4737-B0FD-F9C2DD06BAC3}.Debug|Any CPU.Build.0 = Debug|Any CPU
		{DF330C56-074A-4737-B0FD-F9C2DD06BAC3}.Release|Any CPU.ActiveCfg = Release|Any CPU
		{DF330C56-074A-4737-B0FD-F9C2DD06BAC3}.Release|Any CPU.Build.0 = Release|Any CPU
	EndGlobalSection
	GlobalSection(SolutionProperties) = preSolution
		HideSolutionNode = FALSE
	EndGlobalSection
	GlobalSection(ExtensibilityGlobals) = postSolution
		SolutionGuid = {934F9FE8-2653-4793-BD17-AF5391AFBE1E}
	EndGlobalSection
EndGlobal
